{
  "name": "@go-ui/demo-utils",
  "version": "0.0.1",
  "lockfileVersion": 1,
  "requires": true,
  "dependencies": {
    "@go-ui/core": {
      "version": "0.14.0",
      "resolved": "https://registry.npmjs.org/@go-ui/core/-/core-0.14.0.tgz",
      "integrity": "sha512-WKR+ohJC1Mh5LtC4X5cC2lLO5tSt5F7asPvsr/3kfuAX5xR354O13EYq/pHZPlBzDeQwVNAcNrWttd1b6DO/5g==",
      "requires": {
        "@stencil/core": "^2.12.1",
        "body-scroll-lock": "^4.0.0-beta.0",
        "json5": "^2.2.0",
        "lodash.uniqueid": "^4.0.1",
        "open-props": "^1.1.1"
      }
    },
    "@stencil/core": {
      "version": "2.13.0",
      "resolved": "https://registry.npmjs.org/@stencil/core/-/core-2.13.0.tgz",
      "integrity": "sha512-EEKHOHgYpg3/iFUKMXTZJjUayRul7sXDwNw0OGgkEOe4t7JWiibDkzUHuruvpbqEydX+z1+ez5K2bMMY76c2wA=="
    },
    "@stencil/postcss": {
      "version": "2.1.0",
      "resolved": "https://registry.npmjs.org/@stencil/postcss/-/postcss-2.1.0.tgz",
      "integrity": "sha512-/e4TYEXErGaHxH0ocg620YqEMLuMLpK/Wg4MJsiJglrLZCZhU4XCX1N0SwxaIOUbEZ1Zh+AqQ++yMI92ilndEA==",
      "dev": true,
      "requires": {
        "autoprefixer": "^10.3.6",
        "postcss": "~8.3.8"
      }
    },
    "@stencil/sass": {
      "version": "1.5.2",
      "resolved": "https://registry.npmjs.org/@stencil/sass/-/sass-1.5.2.tgz",
      "integrity": "sha512-nJ93pUSylsGsMX0eLmhxh1oEljcUjj5mYjhB9ziCdoaydAdjukrUoqDCC7tdVbOcBo2hKptQyWqCtETnBGYsXQ==",
      "dev": true
    },
    "@trysound/sax": {
      "version": "0.2.0",
      "resolved": "https://registry.npmjs.org/@trysound/sax/-/sax-0.2.0.tgz",
      "integrity": "sha512-L7z9BgrNEcYyUYtF+HaEfiS5ebkh9jXqbszz7pC0hRBPaatV0XjSD3+eHrpqFemQfgwiFF0QPIarnIihIDn7OA==",
      "dev": true
    },
    "autoprefixer": {
      "version": "10.4.2",
      "resolved": "https://registry.npmjs.org/autoprefixer/-/autoprefixer-10.4.2.tgz",
      "integrity": "sha512-9fOPpHKuDW1w/0EKfRmVnxTDt8166MAnLI3mgZ1JCnhNtYWxcJ6Ud5CO/AVOZi/AvFa8DY9RTy3h3+tFBlrrdQ==",
      "dev": true,
      "requires": {
        "browserslist": "^4.19.1",
        "caniuse-lite": "^1.0.30001297",
        "fraction.js": "^4.1.2",
        "normalize-range": "^0.1.2",
        "picocolors": "^1.0.0",
        "postcss-value-parser": "^4.2.0"
      }
    },
    "body-scroll-lock": {
      "version": "4.0.0-beta.0",
      "resolved": "https://registry.npmjs.org/body-scroll-lock/-/body-scroll-lock-4.0.0-beta.0.tgz",
      "integrity": "sha512-a7tP5+0Mw3YlUJcGAKUqIBkYYGlYxk2fnCasq/FUph1hadxlTRjF+gAcZksxANnaMnALjxEddmSi/H3OR8ugcQ=="
    },
    "boolbase": {
      "version": "1.0.0",
      "resolved": "https://registry.npmjs.org/boolbase/-/boolbase-1.0.0.tgz",
      "integrity": "sha1-aN/1++YMUes3cl6p4+0xDcwed24=",
      "dev": true
    },
    "browserslist": {
      "version": "4.19.1",
      "resolved": "https://registry.npmjs.org/browserslist/-/browserslist-4.19.1.tgz",
      "integrity": "sha512-u2tbbG5PdKRTUoctO3NBD8FQ5HdPh1ZXPHzp1rwaa5jTc+RV9/+RlWiAIKmjRPQF+xbGM9Kklj5bZQFa2s/38A==",
      "dev": true,
      "requires": {
        "caniuse-lite": "^1.0.30001286",
        "electron-to-chromium": "^1.4.17",
        "escalade": "^3.1.1",
        "node-releases": "^2.0.1",
        "picocolors": "^1.0.0"
      }
    },
    "caniuse-api": {
      "version": "3.0.0",
      "resolved": "https://registry.npmjs.org/caniuse-api/-/caniuse-api-3.0.0.tgz",
      "integrity": "sha512-bsTwuIg/BZZK/vreVTYYbSWoe2F+71P7K5QGEX+pT250DZbfU1MQ5prOKpPR+LL6uWKK3KMwMCAS74QB3Um1uw==",
      "dev": true,
      "requires": {
        "browserslist": "^4.0.0",
        "caniuse-lite": "^1.0.0",
        "lodash.memoize": "^4.1.2",
        "lodash.uniq": "^4.5.0"
      }
    },
    "caniuse-lite": {
      "version": "1.0.30001305",
      "resolved": "https://registry.npmjs.org/caniuse-lite/-/caniuse-lite-1.0.30001305.tgz",
      "integrity": "sha512-p7d9YQMji8haf0f+5rbcv9WlQ+N5jMPfRAnUmZRlNxsNeBO3Yr7RYG6M2uTY1h9tCVdlkJg6YNNc4kiAiBLdWA==",
      "dev": true
    },
    "colord": {
      "version": "2.9.2",
      "resolved": "https://registry.npmjs.org/colord/-/colord-2.9.2.tgz",
      "integrity": "sha512-Uqbg+J445nc1TKn4FoDPS6ZZqAvEDnwrH42yo8B40JSOgSLxMZ/gt3h4nmCtPLQeXhjJJkqBx7SCY35WnIixaQ==",
      "dev": true
    },
    "commander": {
      "version": "7.2.0",
      "resolved": "https://registry.npmjs.org/commander/-/commander-7.2.0.tgz",
      "integrity": "sha512-QrWXB+ZQSVPmIWIhtEO9H+gwHaMGYiF5ChvoJ+K9ZGHG/sVsa6yiesAD1GC/x46sET00Xlwo1u49RVVVzvcSkw==",
      "dev": true
    },
    "copy-text-to-clipboard": {
      "version": "3.0.1",
      "resolved": "https://registry.npmjs.org/copy-text-to-clipboard/-/copy-text-to-clipboard-3.0.1.tgz",
      "integrity": "sha512-rvVsHrpFcL4F2P8ihsoLdFHmd404+CMg71S756oRSeQgqk51U3kicGdnvfkrxva0xXH92SjGS62B0XIJsbh+9Q=="
    },
    "css-declaration-sorter": {
      "version": "6.1.4",
      "resolved": "https://registry.npmjs.org/css-declaration-sorter/-/css-declaration-sorter-6.1.4.tgz",
      "integrity": "sha512-lpfkqS0fctcmZotJGhnxkIyJWvBXgpyi2wsFd4J8VB7wzyrT6Ch/3Q+FMNJpjK4gu1+GN5khOnpU2ZVKrLbhCw==",
      "dev": true,
      "requires": {
        "timsort": "^0.3.0"
      }
    },
    "css-select": {
      "version": "4.2.1",
      "resolved": "https://registry.npmjs.org/css-select/-/css-select-4.2.1.tgz",
      "integrity": "sha512-/aUslKhzkTNCQUB2qTX84lVmfia9NyjP3WpDGtj/WxhwBzWBYUV3DgUpurHTme8UTPcPlAD1DJ+b0nN/t50zDQ==",
      "dev": true,
      "requires": {
        "boolbase": "^1.0.0",
        "css-what": "^5.1.0",
        "domhandler": "^4.3.0",
        "domutils": "^2.8.0",
        "nth-check": "^2.0.1"
      }
    },
    "css-tree": {
      "version": "1.1.3",
      "resolved": "https://registry.npmjs.org/css-tree/-/css-tree-1.1.3.tgz",
      "integrity": "sha512-tRpdppF7TRazZrjJ6v3stzv93qxRcSsFmW6cX0Zm2NVKpxE1WV1HblnghVv9TreireHkqI/VDEsfolRF1p6y7Q==",
      "dev": true,
      "requires": {
        "mdn-data": "2.0.14",
        "source-map": "^0.6.1"
      }
    },
    "css-what": {
      "version": "5.1.0",
      "resolved": "https://registry.npmjs.org/css-what/-/css-what-5.1.0.tgz",
      "integrity": "sha512-arSMRWIIFY0hV8pIxZMEfmMI47Wj3R/aWpZDDxWYCPEiOMv6tfOrnpDtgxBYPEQD4V0Y/958+1TdC3iWTFcUPw==",
      "dev": true
    },
    "cssesc": {
      "version": "3.0.0",
      "resolved": "https://registry.npmjs.org/cssesc/-/cssesc-3.0.0.tgz",
      "integrity": "sha512-/Tb/JcjK111nNScGob5MNtsntNM1aCNUDipB/TkwZFhyDrrE47SOx/18wF2bbjgc3ZzCSKW1T5nt5EbFoAz/Vg==",
      "dev": true
    },
    "cssnano": {
      "version": "5.0.16",
      "resolved": "https://registry.npmjs.org/cssnano/-/cssnano-5.0.16.tgz",
      "integrity": "sha512-ryhRI9/B9VFCwPbb1z60LLK5/ldoExi7nwdnJzpkLZkm2/r7j2X3jfY+ZvDVJhC/0fPZlrAguYdHNFg0iglPKQ==",
      "dev": true,
      "requires": {
        "cssnano-preset-default": "^5.1.11",
        "lilconfig": "^2.0.3",
        "yaml": "^1.10.2"
      }
    },
    "cssnano-preset-default": {
      "version": "5.1.11",
      "resolved": "https://registry.npmjs.org/cssnano-preset-default/-/cssnano-preset-default-5.1.11.tgz",
      "integrity": "sha512-ETet5hqHxmzQq2ynXMOQofKuLm7VOjMiOB7E2zdtm/hSeCKlD9fabzIUV4GoPcRyJRHi+4kGf0vsfGYbQ4nmPw==",
      "dev": true,
      "requires": {
        "css-declaration-sorter": "^6.0.3",
        "cssnano-utils": "^3.0.1",
        "postcss-calc": "^8.2.0",
        "postcss-colormin": "^5.2.4",
        "postcss-convert-values": "^5.0.3",
        "postcss-discard-comments": "^5.0.2",
        "postcss-discard-duplicates": "^5.0.2",
        "postcss-discard-empty": "^5.0.2",
        "postcss-discard-overridden": "^5.0.3",
        "postcss-merge-longhand": "^5.0.5",
        "postcss-merge-rules": "^5.0.5",
        "postcss-minify-font-values": "^5.0.3",
        "postcss-minify-gradients": "^5.0.5",
        "postcss-minify-params": "^5.0.4",
        "postcss-minify-selectors": "^5.1.2",
        "postcss-normalize-charset": "^5.0.2",
        "postcss-normalize-display-values": "^5.0.2",
        "postcss-normalize-positions": "^5.0.3",
        "postcss-normalize-repeat-style": "^5.0.3",
        "postcss-normalize-string": "^5.0.3",
        "postcss-normalize-timing-functions": "^5.0.2",
        "postcss-normalize-unicode": "^5.0.3",
        "postcss-normalize-url": "^5.0.4",
        "postcss-normalize-whitespace": "^5.0.3",
        "postcss-ordered-values": "^5.0.4",
        "postcss-reduce-initial": "^5.0.2",
        "postcss-reduce-transforms": "^5.0.3",
        "postcss-svgo": "^5.0.3",
        "postcss-unique-selectors": "^5.0.3"
      }
    },
    "cssnano-utils": {
      "version": "3.0.1",
      "resolved": "https://registry.npmjs.org/cssnano-utils/-/cssnano-utils-3.0.1.tgz",
      "integrity": "sha512-VNCHL364lh++/ono+S3j9NlUK+d97KNkxI77NlqZU2W3xd2/qmyN61dsa47pTpb55zuU4G4lI7qFjAXZJH1OAQ==",
      "dev": true
    },
    "csso": {
      "version": "4.2.0",
      "resolved": "https://registry.npmjs.org/csso/-/csso-4.2.0.tgz",
      "integrity": "sha512-wvlcdIbf6pwKEk7vHj8/Bkc0B4ylXZruLvOgs9doS5eOsOpuodOV2zJChSpkp+pRpYQLQMeF04nr3Z68Sta9jA==",
      "dev": true,
      "requires": {
        "css-tree": "^1.1.2"
      }
    },
    "dom-serializer": {
      "version": "1.3.2",
      "resolved": "https://registry.npmjs.org/dom-serializer/-/dom-serializer-1.3.2.tgz",
      "integrity": "sha512-5c54Bk5Dw4qAxNOI1pFEizPSjVsx5+bpJKmL2kPn8JhBUq2q09tTCa3mjijun2NfK78NMouDYNMBkOrPZiS+ig==",
      "dev": true,
      "requires": {
        "domelementtype": "^2.0.1",
        "domhandler": "^4.2.0",
        "entities": "^2.0.0"
      }
    },
    "domelementtype": {
      "version": "2.2.0",
      "resolved": "https://registry.npmjs.org/domelementtype/-/domelementtype-2.2.0.tgz",
      "integrity": "sha512-DtBMo82pv1dFtUmHyr48beiuq792Sxohr+8Hm9zoxklYPfa6n0Z3Byjj2IV7bmr2IyqClnqEQhfgHJJ5QF0R5A==",
      "dev": true
    },
    "domhandler": {
      "version": "4.3.0",
      "resolved": "https://registry.npmjs.org/domhandler/-/domhandler-4.3.0.tgz",
      "integrity": "sha512-fC0aXNQXqKSFTr2wDNZDhsEYjCiYsDWl3D01kwt25hm1YIPyDGHvvi3rw+PLqHAl/m71MaiF7d5zvBr0p5UB2g==",
      "dev": true,
      "requires": {
        "domelementtype": "^2.2.0"
      }
    },
    "domutils": {
      "version": "2.8.0",
      "resolved": "https://registry.npmjs.org/domutils/-/domutils-2.8.0.tgz",
      "integrity": "sha512-w96Cjofp72M5IIhpjgobBimYEfoPjx1Vx0BSX9P30WBdZW2WIKU0T1Bd0kz2eNZ9ikjKgHbEyKx8BB6H1L3h3A==",
      "dev": true,
      "requires": {
        "dom-serializer": "^1.0.1",
        "domelementtype": "^2.2.0",
        "domhandler": "^4.2.0"
      }
    },
    "electron-to-chromium": {
      "version": "1.4.63",
      "resolved": "https://registry.npmjs.org/electron-to-chromium/-/electron-to-chromium-1.4.63.tgz",
      "integrity": "sha512-e0PX/LRJPFRU4kzJKLvTobxyFdnANCvcoDCe8XcyTqP58nTWIwdsHvXLIl1RkB39X5yaosLaroMASWB0oIsgCA==",
      "dev": true
    },
    "entities": {
      "version": "2.2.0",
      "resolved": "https://registry.npmjs.org/entities/-/entities-2.2.0.tgz",
      "integrity": "sha512-p92if5Nz619I0w+akJrLZH0MX0Pb5DX39XOwQTtXSdQQOaYH03S1uIQp4mhOZtAXrxq4ViO67YTiLBo2638o9A==",
      "dev": true
    },
    "escalade": {
      "version": "3.1.1",
      "resolved": "https://registry.npmjs.org/escalade/-/escalade-3.1.1.tgz",
      "integrity": "sha512-k0er2gUkLf8O0zKJiAhmkTnJlTvINGv7ygDNPbeIsX/TJjGJZHuh9B2UxbsaEkmlEo9MfhrSzmhIlhRlI2GXnw==",
      "dev": true
    },
    "fraction.js": {
      "version": "4.1.2",
      "resolved": "https://registry.npmjs.org/fraction.js/-/fraction.js-4.1.2.tgz",
      "integrity": "sha512-o2RiJQ6DZaR/5+Si0qJUIy637QMRudSi9kU/FFzx9EZazrIdnBgpU+3sEWCxAVhH2RtxW2Oz+T4p2o8uOPVcgA==",
      "dev": true
    },
    "json5": {
      "version": "2.2.0",
      "resolved": "https://registry.npmjs.org/json5/-/json5-2.2.0.tgz",
      "integrity": "sha512-f+8cldu7X/y7RAJurMEJmdoKXGB/X550w2Nr3tTbezL6RwEE/iMcm+tZnXeoZtKuOq6ft8+CqzEkrIgx1fPoQA==",
      "requires": {
        "minimist": "^1.2.5"
      }
    },
    "lilconfig": {
      "version": "2.0.4",
      "resolved": "https://registry.npmjs.org/lilconfig/-/lilconfig-2.0.4.tgz",
      "integrity": "sha512-bfTIN7lEsiooCocSISTWXkiWJkRqtL9wYtYy+8EK3Y41qh3mpwPU0ycTOgjdY9ErwXCc8QyrQp82bdL0Xkm9yA==",
      "dev": true
    },
    "lodash.memoize": {
      "version": "4.1.2",
      "resolved": "https://registry.npmjs.org/lodash.memoize/-/lodash.memoize-4.1.2.tgz",
      "integrity": "sha1-vMbEmkKihA7Zl/Mj6tpezRguC/4=",
      "dev": true
    },
    "lodash.uniq": {
      "version": "4.5.0",
      "resolved": "https://registry.npmjs.org/lodash.uniq/-/lodash.uniq-4.5.0.tgz",
      "integrity": "sha1-0CJTc662Uq3BvILklFM5qEJ1R3M=",
      "dev": true
    },
    "lodash.uniqueid": {
      "version": "4.0.1",
      "resolved": "https://registry.npmjs.org/lodash.uniqueid/-/lodash.uniqueid-4.0.1.tgz",
      "integrity": "sha1-MmjyanyI5PSxdY1nknGBTjH6WyY="
    },
    "mdn-data": {
      "version": "2.0.14",
      "resolved": "https://registry.npmjs.org/mdn-data/-/mdn-data-2.0.14.tgz",
      "integrity": "sha512-dn6wd0uw5GsdswPFfsgMp5NSB0/aDe6fK94YJV/AJDYXL6HVLWBsxeq7js7Ad+mU2K9LAlwpk6kN2D5mwCPVow==",
      "dev": true
    },
    "minimist": {
      "version": "1.2.5",
      "resolved": "https://registry.npmjs.org/minimist/-/minimist-1.2.5.tgz",
      "integrity": "sha512-FM9nNUYrRBAELZQT3xeZQ7fmMOBg6nWNmJKTcgsJeaLstP/UODVpGsr5OhXhhXg6f+qtJ8uiZ+PUxkDWcgIXLw=="
    },
    "nanoid": {
      "version": "3.2.0",
      "resolved": "https://registry.npmjs.org/nanoid/-/nanoid-3.2.0.tgz",
      "integrity": "sha512-fmsZYa9lpn69Ad5eDn7FMcnnSR+8R34W9qJEijxYhTbfOWzr22n1QxCMzXLK+ODyW2973V3Fux959iQoUxzUIA==",
      "dev": true
    },
    "node-releases": {
      "version": "2.0.1",
      "resolved": "https://registry.npmjs.org/node-releases/-/node-releases-2.0.1.tgz",
      "integrity": "sha512-CqyzN6z7Q6aMeF/ktcMVTzhAHCEpf8SOarwpzpf8pNBY2k5/oM34UHldUwp8VKI7uxct2HxSRdJjBaZeESzcxA==",
      "dev": true
    },
    "normalize-range": {
      "version": "0.1.2",
      "resolved": "https://registry.npmjs.org/normalize-range/-/normalize-range-0.1.2.tgz",
      "integrity": "sha1-LRDAa9/TEuqXd2laTShDlFa3WUI=",
      "dev": true
    },
    "normalize-url": {
      "version": "6.1.0",
      "resolved": "https://registry.npmjs.org/normalize-url/-/normalize-url-6.1.0.tgz",
      "integrity": "sha512-DlL+XwOy3NxAQ8xuC0okPgK46iuVNAK01YN7RueYBqqFeGsBjV9XmCAzAdgt+667bCl5kPh9EqKKDwnaPG1I7A==",
      "dev": true
    },
    "nth-check": {
      "version": "2.0.1",
      "resolved": "https://registry.npmjs.org/nth-check/-/nth-check-2.0.1.tgz",
      "integrity": "sha512-it1vE95zF6dTT9lBsYbxvqh0Soy4SPowchj0UBGj/V6cTPnXXtQOPUbhZ6CmGzAD/rW22LQK6E96pcdJXk4A4w==",
      "dev": true,
      "requires": {
        "boolbase": "^1.0.0"
      }
    },
    "open-props": {
      "version": "1.3.1",
      "resolved": "https://registry.npmjs.org/open-props/-/open-props-1.3.1.tgz",
      "integrity": "sha512-HgBnCluUmk4drU0fpQEhGhXOlRoJI5Jc8ke5Zxx8yg97Hqx1xv9BMb1zasjpGjOzjtLrnMbmWXaVL1yxf3qWOw=="
    },
    "picocolors": {
      "version": "1.0.0",
      "resolved": "https://registry.npmjs.org/picocolors/-/picocolors-1.0.0.tgz",
      "integrity": "sha512-1fygroTLlHu66zi26VoTDv8yRgm0Fccecssto+MhsZ0D/DGW2sm8E8AjW7NU5VVTRt5GxbeZ5qBuJr+HyLYkjQ==",
      "dev": true
    },
    "postcss": {
      "version": "8.3.11",
      "resolved": "https://registry.npmjs.org/postcss/-/postcss-8.3.11.tgz",
      "integrity": "sha512-hCmlUAIlUiav8Xdqw3Io4LcpA1DOt7h3LSTAC4G6JGHFFaWzI6qvFt9oilvl8BmkbBRX1IhM90ZAmpk68zccQA==",
      "dev": true,
      "requires": {
        "nanoid": "^3.1.30",
        "picocolors": "^1.0.0",
        "source-map-js": "^0.6.2"
      }
    },
    "postcss-calc": {
      "version": "8.2.3",
      "resolved": "https://registry.npmjs.org/postcss-calc/-/postcss-calc-8.2.3.tgz",
      "integrity": "sha512-EGM2EBBWqP57N0E7N7WOLT116PJ39dwHVU01WO4XPPQLJfkL2xVgkMZ+TZvCfapj/uJH07UEfKHQNPHzSw/14Q==",
      "dev": true,
      "requires": {
        "postcss-selector-parser": "^6.0.2",
        "postcss-value-parser": "^4.0.2"
      }
    },
    "postcss-colormin": {
      "version": "5.2.4",
      "resolved": "https://registry.npmjs.org/postcss-colormin/-/postcss-colormin-5.2.4.tgz",
      "integrity": "sha512-rYlC5015aNqVQt/B6Cy156g7sH5tRUJGmT9xeagYthtKehetbKx7jHxhyLpulP4bs4vbp8u/B2rac0J7S7qPQg==",
      "dev": true,
      "requires": {
        "browserslist": "^4.16.6",
        "caniuse-api": "^3.0.0",
        "colord": "^2.9.1",
        "postcss-value-parser": "^4.2.0"
      }
    },
    "postcss-convert-values": {
      "version": "5.0.3",
      "resolved": "https://registry.npmjs.org/postcss-convert-values/-/postcss-convert-values-5.0.3.tgz",
      "integrity": "sha512-fVkjHm2T0PSMqXUCIhHNWVGjhB9mHEWX2GboVs7j3iCgr6FpIl9c/IdXy0PHWZSQ9LFTRgmj98amxJE6KOnlsA==",
      "dev": true,
      "requires": {
        "postcss-value-parser": "^4.2.0"
      }
    },
    "postcss-discard-comments": {
      "version": "5.0.2",
      "resolved": "https://registry.npmjs.org/postcss-discard-comments/-/postcss-discard-comments-5.0.2.tgz",
      "integrity": "sha512-6VQ3pYTsJHEsN2Bic88Aa7J/Brn4Bv8j/rqaFQZkH+pcVkKYwxCIvoMQkykEW7fBjmofdTnQgcivt5CCBJhtrg==",
      "dev": true
    },
    "postcss-discard-duplicates": {
      "version": "5.0.2",
      "resolved": "https://registry.npmjs.org/postcss-discard-duplicates/-/postcss-discard-duplicates-5.0.2.tgz",
      "integrity": "sha512-LKY81YjUjc78p6rbXIsnppsaFo8XzCoMZkXVILJU//sK0DgPkPSpuq/cZvHss3EtdKvWNYgWzQL+wiJFtEET4g==",
      "dev": true
    },
    "postcss-discard-empty": {
      "version": "5.0.2",
      "resolved": "https://registry.npmjs.org/postcss-discard-empty/-/postcss-discard-empty-5.0.2.tgz",
      "integrity": "sha512-SxBsbTjlsKUvZLL+dMrdWauuNZU8TBq5IOL/DHa6jBUSXFEwmDqeXRfTIK/FQpPTa8MJMxEHjSV3UbiuyLARPQ==",
      "dev": true
    },
    "postcss-discard-overridden": {
      "version": "5.0.3",
      "resolved": "https://registry.npmjs.org/postcss-discard-overridden/-/postcss-discard-overridden-5.0.3.tgz",
      "integrity": "sha512-yRTXknIZA4k8Yo4FiF1xbsLj/VBxfXEWxJNIrtIy6HC9KQ4xJxcPtoaaskh6QptCGrrcGnhKsTsENTRPZOBu4g==",
      "dev": true
    },
    "postcss-merge-longhand": {
      "version": "5.0.5",
      "resolved": "https://registry.npmjs.org/postcss-merge-longhand/-/postcss-merge-longhand-5.0.5.tgz",
      "integrity": "sha512-R2BCPJJ/U2oh1uTWEYn9CcJ7MMcQ1iIbj9wfr2s/zHu5om5MP/ewKdaunpfJqR1WYzqCsgnXuRoVXPAzxdqy8g==",
      "dev": true,
      "requires": {
        "postcss-value-parser": "^4.2.0",
        "stylehacks": "^5.0.2"
      }
    },
    "postcss-merge-rules": {
      "version": "5.0.5",
      "resolved": "https://registry.npmjs.org/postcss-merge-rules/-/postcss-merge-rules-5.0.5.tgz",
      "integrity": "sha512-3Oa26/Pb9VOFVksJjFG45SNoe4nhGvJ2Uc6TlRimqF8uhfOCEhVCaJ3rvEat5UFOn2UZqTY5Da8dFgCh3Iq0Ug==",
      "dev": true,
      "requires": {
        "browserslist": "^4.16.6",
        "caniuse-api": "^3.0.0",
        "cssnano-utils": "^3.0.1",
        "postcss-selector-parser": "^6.0.5"
      }
    },
    "postcss-minify-font-values": {
      "version": "5.0.3",
      "resolved": "https://registry.npmjs.org/postcss-minify-font-values/-/postcss-minify-font-values-5.0.3.tgz",
      "integrity": "sha512-bC45rVzEwsLhv/cL1eCjoo2OOjbSk9I7HKFBYnBvtyuIZlf7uMipMATXtA0Fc3jwPo3wuPIW1jRJWKzflMh1sA==",
      "dev": true,
      "requires": {
        "postcss-value-parser": "^4.2.0"
      }
    },
    "postcss-minify-gradients": {
      "version": "5.0.5",
      "resolved": "https://registry.npmjs.org/postcss-minify-gradients/-/postcss-minify-gradients-5.0.5.tgz",
      "integrity": "sha512-/YjvXs8PepsoiZAIpjstOO4IHKwFAqYNqbA1yVdqklM84tbUUneh6omJxGlRlF3mi6K5Pa067Mg6IwqEnYC8Zg==",
      "dev": true,
      "requires": {
        "colord": "^2.9.1",
        "cssnano-utils": "^3.0.1",
        "postcss-value-parser": "^4.2.0"
      }
    },
    "postcss-minify-params": {
      "version": "5.0.4",
      "resolved": "https://registry.npmjs.org/postcss-minify-params/-/postcss-minify-params-5.0.4.tgz",
      "integrity": "sha512-Z0vjod9lRZEmEPfEmA2sCfjbfEEFKefMD3RDIQSUfXK4LpCyWkX1CniUgyNvnjJFLDPSxtgKzozhHhPHKoeGkg==",
      "dev": true,
      "requires": {
        "browserslist": "^4.16.6",
        "cssnano-utils": "^3.0.1",
        "postcss-value-parser": "^4.2.0"
      }
    },
    "postcss-minify-selectors": {
      "version": "5.1.2",
      "resolved": "https://registry.npmjs.org/postcss-minify-selectors/-/postcss-minify-selectors-5.1.2.tgz",
      "integrity": "sha512-gpn1nJDMCf3g32y/7kl+jsdamhiYT+/zmEt57RoT9GmzlixBNRPohI7k8UIHelLABhdLf3MSZhtM33xuH5eQOQ==",
      "dev": true,
      "requires": {
        "postcss-selector-parser": "^6.0.5"
      }
    },
    "postcss-normalize-charset": {
      "version": "5.0.2",
      "resolved": "https://registry.npmjs.org/postcss-normalize-charset/-/postcss-normalize-charset-5.0.2.tgz",
      "integrity": "sha512-fEMhYXzO8My+gC009qDc/3bgnFP8Fv1Ic8uw4ec4YTlhIOw63tGPk1YFd7fk9bZUf1DAbkhiL/QPWs9JLqdF2g==",
      "dev": true
    },
    "postcss-normalize-display-values": {
      "version": "5.0.2",
      "resolved": "https://registry.npmjs.org/postcss-normalize-display-values/-/postcss-normalize-display-values-5.0.2.tgz",
      "integrity": "sha512-RxXoJPUR0shSjkMMzgEZDjGPrgXUVYyWA/YwQRicb48H15OClPuaDR7tYokLAlGZ2tCSENEN5WxjgxSD5m4cUw==",
      "dev": true,
      "requires": {
        "postcss-value-parser": "^4.2.0"
      }
    },
    "postcss-normalize-positions": {
      "version": "5.0.3",
      "resolved": "https://registry.npmjs.org/postcss-normalize-positions/-/postcss-normalize-positions-5.0.3.tgz",
      "integrity": "sha512-U+rmhjrNBvIGYqr/1tD4wXPFFMKUbXsYXvlUCzLi0tOCUS6LoeEAnmVXXJY/MEB/1CKZZwBSs2tmzGawcygVBA==",
      "dev": true,
      "requires": {
        "postcss-value-parser": "^4.2.0"
      }
    },
    "postcss-normalize-repeat-style": {
      "version": "5.0.3",
      "resolved": "https://registry.npmjs.org/postcss-normalize-repeat-style/-/postcss-normalize-repeat-style-5.0.3.tgz",
      "integrity": "sha512-uk1+xYx0AMbA3nLSNhbDrqbf/rx+Iuq5tVad2VNyaxxJzx79oGieJ6D9F6AfOL2GtiIbP7vTYlpYHtG+ERFXTg==",
      "dev": true,
      "requires": {
        "postcss-value-parser": "^4.2.0"
      }
    },
    "postcss-normalize-string": {
      "version": "5.0.3",
      "resolved": "https://registry.npmjs.org/postcss-normalize-string/-/postcss-normalize-string-5.0.3.tgz",
      "integrity": "sha512-Mf2V4JbIDboNGQhW6xW0YREDiYXoX3WrD3EjKkjvnpAJ6W4qqjLnK/c9aioyVFaWWHVdP5zVRw/9DI5S3oLDFw==",
      "dev": true,
      "requires": {
        "postcss-value-parser": "^4.2.0"
      }
    },
    "postcss-normalize-timing-functions": {
      "version": "5.0.2",
      "resolved": "https://registry.npmjs.org/postcss-normalize-timing-functions/-/postcss-normalize-timing-functions-5.0.2.tgz",
      "integrity": "sha512-Ao0PP6MoYsRU1LxeVUW740ioknvdIUmfr6uAA3xWlQJ9s69/Tupy8qwhuKG3xWfl+KvLMAP9p2WXF9cwuk/7Bg==",
      "dev": true,
      "requires": {
        "postcss-value-parser": "^4.2.0"
      }
    },
    "postcss-normalize-unicode": {
      "version": "5.0.3",
      "resolved": "https://registry.npmjs.org/postcss-normalize-unicode/-/postcss-normalize-unicode-5.0.3.tgz",
      "integrity": "sha512-uNC7BmS/7h6to2UWa4RFH8sOTzu2O9dVWPE/F9Vm9GdhONiD/c1kNaCLbmsFHlKWcEx7alNUChQ+jH/QAlqsQw==",
      "dev": true,
      "requires": {
        "browserslist": "^4.16.6",
        "postcss-value-parser": "^4.2.0"
      }
    },
    "postcss-normalize-url": {
      "version": "5.0.4",
      "resolved": "https://registry.npmjs.org/postcss-normalize-url/-/postcss-normalize-url-5.0.4.tgz",
      "integrity": "sha512-cNj3RzK2pgQQyNp7dzq0dqpUpQ/wYtdDZM3DepPmFjCmYIfceuD9VIAcOdvrNetjIU65g1B4uwdP/Krf6AFdXg==",
      "dev": true,
      "requires": {
        "normalize-url": "^6.0.1",
        "postcss-value-parser": "^4.2.0"
      }
    },
    "postcss-normalize-whitespace": {
      "version": "5.0.3",
      "resolved": "https://registry.npmjs.org/postcss-normalize-whitespace/-/postcss-normalize-whitespace-5.0.3.tgz",
      "integrity": "sha512-333JWRnX655fSoUbufJ10HJop3c8mrpKkCCUnEmgz/Cb/QEtW+/TMZwDAUt4lnwqP6tCCk0x0b58jqvDgiQm/A==",
      "dev": true,
      "requires": {
        "postcss-value-parser": "^4.2.0"
      }
    },
    "postcss-ordered-values": {
      "version": "5.0.4",
      "resolved": "https://registry.npmjs.org/postcss-ordered-values/-/postcss-ordered-values-5.0.4.tgz",
      "integrity": "sha512-taKtGDZtyYUMVYkg+MuJeBUiTF6cGHZmo/qcW7ibvW79UlyKuSHbo6dpCIiqI+j9oJsXWzP+ovIxoyLDOeQFdw==",
      "dev": true,
      "requires": {
        "cssnano-utils": "^3.0.1",
        "postcss-value-parser": "^4.2.0"
      }
    },
    "postcss-pxtorem": {
      "version": "6.0.0",
      "resolved": "https://registry.npmjs.org/postcss-pxtorem/-/postcss-pxtorem-6.0.0.tgz",
      "integrity": "sha512-ZRXrD7MLLjLk2RNGV6UA4f5Y7gy+a/j1EqjAfp9NdcNYVjUMvg5HTYduTjSkKBkRkfqbg/iKrjMO70V4g1LZeg==",
      "dev": true
    },
    "postcss-reduce-initial": {
      "version": "5.0.2",
      "resolved": "https://registry.npmjs.org/postcss-reduce-initial/-/postcss-reduce-initial-5.0.2.tgz",
      "integrity": "sha512-v/kbAAQ+S1V5v9TJvbGkV98V2ERPdU6XvMcKMjqAlYiJ2NtsHGlKYLPjWWcXlaTKNxooId7BGxeraK8qXvzKtw==",
      "dev": true,
      "requires": {
        "browserslist": "^4.16.6",
        "caniuse-api": "^3.0.0"
      }
    },
    "postcss-reduce-transforms": {
      "version": "5.0.3",
      "resolved": "https://registry.npmjs.org/postcss-reduce-transforms/-/postcss-reduce-transforms-5.0.3.tgz",
      "integrity": "sha512-yDnTUab5i7auHiNwdcL1f+pBnqQFf+7eC4cbC7D8Lc1FkvNZhtpkdad+9U4wDdFb84haupMf0rA/Zc5LcTe/3A==",
      "dev": true,
      "requires": {
        "postcss-value-parser": "^4.2.0"
      }
    },
    "postcss-selector-parser": {
      "version": "6.0.9",
      "resolved": "https://registry.npmjs.org/postcss-selector-parser/-/postcss-selector-parser-6.0.9.tgz",
      "integrity": "sha512-UO3SgnZOVTwu4kyLR22UQ1xZh086RyNZppb7lLAKBFK8a32ttG5i87Y/P3+2bRSjZNyJ1B7hfFNo273tKe9YxQ==",
      "dev": true,
      "requires": {
        "cssesc": "^3.0.0",
        "util-deprecate": "^1.0.2"
      }
    },
    "postcss-svgo": {
      "version": "5.0.3",
      "resolved": "https://registry.npmjs.org/postcss-svgo/-/postcss-svgo-5.0.3.tgz",
      "integrity": "sha512-41XZUA1wNDAZrQ3XgWREL/M2zSw8LJPvb5ZWivljBsUQAGoEKMYm6okHsTjJxKYI4M75RQEH4KYlEM52VwdXVA==",
      "dev": true,
      "requires": {
        "postcss-value-parser": "^4.1.0",
        "svgo": "^2.7.0"
      }
    },
    "postcss-unique-selectors": {
      "version": "5.0.3",
      "resolved": "https://registry.npmjs.org/postcss-unique-selectors/-/postcss-unique-selectors-5.0.3.tgz",
      "integrity": "sha512-V5tX2hadSSn+miVCluuK1IDGy+7jAXSOfRZ2DQ+s/4uQZb/orDYBjH0CHgFrXsRw78p4QTuEFA9kI6C956UnHQ==",
      "dev": true,
      "requires": {
        "postcss-selector-parser": "^6.0.5"
      }
    },
    "postcss-value-parser": {
      "version": "4.2.0",
      "resolved": "https://registry.npmjs.org/postcss-value-parser/-/postcss-value-parser-4.2.0.tgz",
      "integrity": "sha512-1NNCs6uurfkVbeXG4S8JFT9t19m45ICnif8zWLd5oPSZ50QnwMfK+H3jv408d4jw/7Bttv5axS5IiHoLaVNHeQ==",
      "dev": true
    },
    "source-map": {
      "version": "0.6.1",
      "resolved": "https://registry.npmjs.org/source-map/-/source-map-0.6.1.tgz",
      "integrity": "sha512-UjgapumWlbMhkBgzT7Ykc5YXUT46F0iKu8SGXq0bcwP5dz/h0Plj6enJqjz1Zbq2l5WaqYnrVbwWOWMyF3F47g==",
      "dev": true
    },
    "source-map-js": {
      "version": "0.6.2",
      "resolved": "https://registry.npmjs.org/source-map-js/-/source-map-js-0.6.2.tgz",
      "integrity": "sha512-/3GptzWzu0+0MBQFrDKzw/DvvMTUORvgY6k6jd/VS6iCR4RDTKWH6v6WPwQoUO8667uQEf9Oe38DxAYWY5F/Ug==",
      "dev": true
    },
    "stable": {
      "version": "0.1.8",
      "resolved": "https://registry.npmjs.org/stable/-/stable-0.1.8.tgz",
      "integrity": "sha512-ji9qxRnOVfcuLDySj9qzhGSEFVobyt1kIOSkj1qZzYLzq7Tos/oUUWvotUPQLlrsidqsK6tBH89Bc9kL5zHA6w==",
      "dev": true
    },
    "stylehacks": {
      "version": "5.0.2",
      "resolved": "https://registry.npmjs.org/stylehacks/-/stylehacks-5.0.2.tgz",
      "integrity": "sha512-114zeJdOpTrbQYRD4OU5UWJ99LKUaqCPJTU1HQ/n3q3BwmllFN8kHENaLnOeqVq6AhXrWfxHNZTl33iJ4oy3cQ==",
      "dev": true,
      "requires": {
        "browserslist": "^4.16.6",
        "postcss-selector-parser": "^6.0.4"
      }
    },
    "svgo": {
      "version": "2.8.0",
      "resolved": "https://registry.npmjs.org/svgo/-/svgo-2.8.0.tgz",
      "integrity": "sha512-+N/Q9kV1+F+UeWYoSiULYo4xYSDQlTgb+ayMobAXPwMnLvop7oxKMo9OzIrX5x3eS4L4f2UHhc9axXwY8DpChg==",
      "dev": true,
      "requires": {
        "@trysound/sax": "0.2.0",
        "commander": "^7.2.0",
        "css-select": "^4.1.3",
        "css-tree": "^1.1.3",
        "csso": "^4.2.0",
        "picocolors": "^1.0.0",
        "stable": "^0.1.8"
      }
    },
    "timsort": {
      "version": "0.3.0",
      "resolved": "https://registry.npmjs.org/timsort/-/timsort-0.3.0.tgz",
      "integrity": "sha1-QFQRqOfmM5/mTbmiNN4R3DHgK9Q=",
      "dev": true
    },
    "util-deprecate": {
      "version": "1.0.2",
      "resolved": "https://registry.npmjs.org/util-deprecate/-/util-deprecate-1.0.2.tgz",
      "integrity": "sha1-RQ1Nyfpw3nMnYvvS1KKJgUGaDM8=",
      "dev": true
    },
    "yaml": {
      "version": "1.10.2",
      "resolved": "https://registry.npmjs.org/yaml/-/yaml-1.10.2.tgz",
      "integrity": "sha512-r3vXyErRCYJ7wg28yvBY5VSoAF8ZvlcW9/BwUzEtUsjvX/DKs24dIkuwjtuprwJJHsbyUbLApepYTR1BN4uHrg==",
      "dev": true
    }
  }
}
